
Microsoft Visual Studio Solution File, Format Version 12.00
# Visual Studio Version 17
VisualStudioVersion = 17.5.33530.505
MinimumVisualStudioVersion = 10.0.40219.1
Project("{9A19103F-16F7-4668-BE54-9A1E7A4F7556}") = "LoanSystem.Api", "LoanSystem.Api\LoanSystem.Api.csproj", "{361F1AF6-794C-4044-A6B3-372EE2E7F74B}"
EndProject
Project("{9A19103F-16F7-4668-BE54-9A1E7A4F7556}") = "LoanSystem.Models", "LoanSystem.Models\LoanSystem.Models.csproj", "{C54A2678-7F80-4D2E-9FD1-80E321E6C933}"
EndProject
Project("{9A19103F-16F7-4668-BE54-9A1E7A4F7556}") = "LoanSystem.Contracts", "LoanSystem.Contracts\LoanSystem.Contracts.csproj", "{7793EE58-D497-47AC-910D-977F8357C57D}"
EndProject
Project("{9A19103F-16F7-4668-BE54-9A1E7A4F7556}") = "LoanSystem.Infrastructure", "LoanSystem.Infrastructure\LoanSystem.Infrastructure.csproj", "{F21E390D-8356-4574-A24A-FBC8F28627BF}"
EndProject
Project("{9A19103F-16F7-4668-BE54-9A1E7A4F7556}") = "LoanSystem.Application", "LoanSystem.Application\LoanSystem.Application.csproj", "{2399A537-9084-45BF-980A-81828F282D08}"
EndProject
Global
	GlobalSection(SolutionConfigurationPlatforms) = preSolution
		Debug|Any CPU = Debug|Any CPU
		Release|Any CPU = Release|Any CPU
	EndGlobalSection
	GlobalSection(ProjectConfigurationPlatforms) = postSolution
		{361F1AF6-794C-4044-A6B3-372EE2E7F74B}.Debug|Any CPU.ActiveCfg = Debug|Any CPU
		{361F1AF6-794C-4044-A6B3-372EE2E7F74B}.Debug|Any CPU.Build.0 = Debug|Any CPU
		{361F1AF6-794C-4044-A6B3-372EE2E7F74B}.Release|Any CPU.ActiveCfg = Release|Any CPU
		{361F1AF6-794C-4044-A6B3-372EE2E7F74B}.Release|Any CPU.Build.0 = Release|Any CPU
		{C54A2678-7F80-4D2E-9FD1-80E321E6C933}.Debug|Any CPU.ActiveCfg = Debug|Any CPU
		{C54A2678-7F80-4D2E-9FD1-80E321E6C933}.Debug|Any CPU.Build.0 = Debug|Any CPU
		{C54A2678-7F80-4D2E-9FD1-80E321E6C933}.Release|Any CPU.ActiveCfg = Release|Any CPU
		{C54A2678-7F80-4D2E-9FD1-80E321E6C933}.Release|Any CPU.Build.0 = Release|Any CPU
		{7793EE58-D497-47AC-910D-977F8357C57D}.Debug|Any CPU.ActiveCfg = Debug|Any CPU
		{7793EE58-D497-47AC-910D-977F8357C57D}.Debug|Any CPU.Build.0 = Debug|Any CPU
		{7793EE58-D497-47AC-910D-977F8357C57D}.Release|Any CPU.ActiveCfg = Release|Any CPU
		{7793EE58-D497-47AC-910D-977F8357C57D}.Release|Any CPU.Build.0 = Release|Any CPU
		{F21E390D-8356-4574-A24A-FBC8F28627BF}.Debug|Any CPU.ActiveCfg = Debug|Any CPU
		{F21E390D-8356-4574-A24A-FBC8F28627BF}.Debug|Any CPU.Build.0 = Debug|Any CPU
		{F21E390D-8356-4574-A24A-FBC8F28627BF}.Release|Any CPU.ActiveCfg = Release|Any CPU
		{F21E390D-8356-4574-A24A-FBC8F28627BF}.Release|Any CPU.Build.0 = Release|Any CPU
		{2399A537-9084-45BF-980A-81828F282D08}.Debug|Any CPU.ActiveCfg = Debug|Any CPU
		{2399A537-9084-45BF-980A-81828F282D08}.Debug|Any CPU.Build.0 = Debug|Any CPU
		{2399A537-9084-45BF-980A-81828F282D08}.Release|Any CPU.ActiveCfg = Release|Any CPU
		{2399A537-9084-45BF-980A-81828F282D08}.Release|Any CPU.Build.0 = Release|Any CPU
	EndGlobalSection
	GlobalSection(SolutionProperties) = preSolution
		HideSolutionNode = FALSE
	EndGlobalSection
	GlobalSection(ExtensibilityGlobals) = postSolution
		SolutionGuid = {9ED299F8-7EB0-4BA3-B7D6-174FDA5A5724}
	EndGlobalSection
EndGlobal
